
Microsoft Visual Studio Solution File, Format Version 12.00
# Visual Studio Version 17
VisualStudioVersion = 17.0.32014.148
MinimumVisualStudioVersion = 10.0.40219.1
Project("{FAE04EC0-301F-11D3-BF4B-00C04F79EFBC}") = "LivrosAPI", "LivrosAPI\LivrosAPI.csproj", "{C99D5F71-5506-4DA8-9588-FA7AE61CE0A7}"
EndProject
Global
	GlobalSection(SolutionConfigurationPlatforms) = preSolution
		Debug|Any CPU = Debug|Any CPU
		Release|Any CPU = Release|Any CPU
	EndGlobalSection
	GlobalSection(ProjectConfigurationPlatforms) = postSolution
		{C99D5F71-5506-4DA8-9588-FA7AE61CE0A7}.Debug|Any CPU.ActiveCfg = Debug|Any CPU
		{C99D5F71-5506-4DA8-9588-FA7AE61CE0A7}.Debug|Any CPU.Build.0 = Debug|Any CPU
		{C99D5F71-5506-4DA8-9588-FA7AE61CE0A7}.Release|Any CPU.ActiveCfg = Release|Any CPU
		{C99D5F71-5506-4DA8-9588-FA7AE61CE0A7}.Release|Any CPU.Build.0 = Release|Any CPU
	EndGlobalSection
	GlobalSection(SolutionProperties) = preSolution
		HideSolutionNode = FALSE
	EndGlobalSection
	GlobalSection(ExtensibilityGlobals) = postSolution
		SolutionGuid = {D824215D-6F76-4B8D-95A8-399FE57B4B31}
	EndGlobalSection
EndGlobal
